// !$*UTF8*$!
{
	archiveVersion = 1;
	classes = {
	};
	objectVersion = 50;
	objects = {

/* Begin PBXBuildFile section */
		21CEC20C25BA4570D0AA5661 /* libPods-FlixsterTests.a in Frameworks */ = {isa = PBXBuildFile; fileRef = FA1B04D641EE5E7377EB70AE /* libPods-FlixsterTests.a */; };
		244014D8342BB0E2A015B448 /* libPods-FlixsterUITests.a in Frameworks */ = {isa = PBXBuildFile; fileRef = C1238BE32B30E110C3402F4C /* libPods-FlixsterUITests.a */; };
		4C06B5C720E40A3B000C4FD1 /* AppDelegate.m in Sources */ = {isa = PBXBuildFile; fileRef = 4C06B5C620E40A3B000C4FD1 /* AppDelegate.m */; };
		4C06B5CD20E40A3B000C4FD1 /* Main.storyboard in Resources */ = {isa = PBXBuildFile; fileRef = 4C06B5CB20E40A3B000C4FD1 /* Main.storyboard */; };
		4C06B5CF20E40A3C000C4FD1 /* Assets.xcassets in Resources */ = {isa = PBXBuildFile; fileRef = 4C06B5CE20E40A3C000C4FD1 /* Assets.xcassets */; };
		4C06B5D220E40A3C000C4FD1 /* LaunchScreen.storyboard in Resources */ = {isa = PBXBuildFile; fileRef = 4C06B5D020E40A3C000C4FD1 /* LaunchScreen.storyboard */; };
		4C06B5D520E40A3C000C4FD1 /* main.m in Sources */ = {isa = PBXBuildFile; fileRef = 4C06B5D420E40A3C000C4FD1 /* main.m */; };
		4C06B5DF20E40A3C000C4FD1 /* FlixsterTests.m in Sources */ = {isa = PBXBuildFile; fileRef = 4C06B5DE20E40A3C000C4FD1 /* FlixsterTests.m */; };
		4C06B5EA20E40A3C000C4FD1 /* FlixsterUITests.m in Sources */ = {isa = PBXBuildFile; fileRef = 4C06B5E920E40A3C000C4FD1 /* FlixsterUITests.m */; };
		4C06B5F920E41614000C4FD1 /* MoviesViewController.m in Sources */ = {isa = PBXBuildFile; fileRef = 4C06B5F820E41614000C4FD1 /* MoviesViewController.m */; };
		4C06B5FF20E45F90000C4FD1 /* MovieCell.m in Sources */ = {isa = PBXBuildFile; fileRef = 4C06B5FE20E45F90000C4FD1 /* MovieCell.m */; };
		4C06B60220E4A7D7000C4FD1 /* DetailsViewController.m in Sources */ = {isa = PBXBuildFile; fileRef = 4C06B60120E4A7D7000C4FD1 /* DetailsViewController.m */; };
		4C06B60520E4B7C7000C4FD1 /* MoviesGridViewController.m in Sources */ = {isa = PBXBuildFile; fileRef = 4C06B60420E4B7C7000C4FD1 /* MoviesGridViewController.m */; };
		4C06B60820E4BC1F000C4FD1 /* MovieCollectionCell.m in Sources */ = {isa = PBXBuildFile; fileRef = 4C06B60720E4BC1F000C4FD1 /* MovieCollectionCell.m */; };
		4C06B64F20E5A8F4000C4FD1 /* BackgroundViewController.m in Sources */ = {isa = PBXBuildFile; fileRef = 4C06B64E20E5A8F4000C4FD1 /* BackgroundViewController.m */; };
		CF124AD9F2E5DCA5990AA935 /* libPods-Flixster.a in Frameworks */ = {isa = PBXBuildFile; fileRef = 64CE779BD28EA8466115F71E /* libPods-Flixster.a */; };
/* End PBXBuildFile section */

/* Begin PBXContainerItemProxy section */
		4C06B5DB20E40A3C000C4FD1 /* PBXContainerItemProxy */ = {
			isa = PBXContainerItemProxy;
			containerPortal = 4C06B5BA20E40A3B000C4FD1 /* Project object */;
			proxyType = 1;
			remoteGlobalIDString = 4C06B5C120E40A3B000C4FD1;
			remoteInfo = Flixster;
		};
		4C06B5E620E40A3C000C4FD1 /* PBXContainerItemProxy */ = {
			isa = PBXContainerItemProxy;
			containerPortal = 4C06B5BA20E40A3B000C4FD1 /* Project object */;
			proxyType = 1;
			remoteGlobalIDString = 4C06B5C120E40A3B000C4FD1;
			remoteInfo = Flixster;
		};
/* End PBXContainerItemProxy section */

/* Begin PBXFileReference section */
		41F8104C4EBE7FD055664B23 /* Pods-Flixster.debug.xcconfig */ = {isa = PBXFileReference; includeInIndex = 1; lastKnownFileType = text.xcconfig; name = "Pods-Flixster.debug.xcconfig"; path = "Pods/Target Support Files/Pods-Flixster/Pods-Flixster.debug.xcconfig"; sourceTree = "<group>"; };
		4C06B5C220E40A3B000C4FD1 /* Flixster.app */ = {isa = PBXFileReference; explicitFileType = wrapper.application; includeInIndex = 0; path = Flixster.app; sourceTree = BUILT_PRODUCTS_DIR; };
		4C06B5C520E40A3B000C4FD1 /* AppDelegate.h */ = {isa = PBXFileReference; lastKnownFileType = sourcecode.c.h; path = AppDelegate.h; sourceTree = "<group>"; };
		4C06B5C620E40A3B000C4FD1 /* AppDelegate.m */ = {isa = PBXFileReference; lastKnownFileType = sourcecode.c.objc; path = AppDelegate.m; sourceTree = "<group>"; };
		4C06B5CC20E40A3B000C4FD1 /* Base */ = {isa = PBXFileReference; lastKnownFileType = file.storyboard; name = Base; path = Base.lproj/Main.storyboard; sourceTree = "<group>"; };
		4C06B5CE20E40A3C000C4FD1 /* Assets.xcassets */ = {isa = PBXFileReference; lastKnownFileType = folder.assetcatalog; path = Assets.xcassets; sourceTree = "<group>"; };
		4C06B5D120E40A3C000C4FD1 /* Base */ = {isa = PBXFileReference; lastKnownFileType = file.storyboard; name = Base; path = Base.lproj/LaunchScreen.storyboard; sourceTree = "<group>"; };
		4C06B5D320E40A3C000C4FD1 /* Info.plist */ = {isa = PBXFileReference; lastKnownFileType = text.plist.xml; path = Info.plist; sourceTree = "<group>"; };
		4C06B5D420E40A3C000C4FD1 /* main.m */ = {isa = PBXFileReference; lastKnownFileType = sourcecode.c.objc; path = main.m; sourceTree = "<group>"; };
		4C06B5DA20E40A3C000C4FD1 /* FlixsterTests.xctest */ = {isa = PBXFileReference; explicitFileType = wrapper.cfbundle; includeInIndex = 0; path = FlixsterTests.xctest; sourceTree = BUILT_PRODUCTS_DIR; };
		4C06B5DE20E40A3C000C4FD1 /* FlixsterTests.m */ = {isa = PBXFileReference; lastKnownFileType = sourcecode.c.objc; path = FlixsterTests.m; sourceTree = "<group>"; };
		4C06B5E020E40A3C000C4FD1 /* Info.plist */ = {isa = PBXFileReference; lastKnownFileType = text.plist.xml; path = Info.plist; sourceTree = "<group>"; };
		4C06B5E520E40A3C000C4FD1 /* FlixsterUITests.xctest */ = {isa = PBXFileReference; explicitFileType = wrapper.cfbundle; includeInIndex = 0; path = FlixsterUITests.xctest; sourceTree = BUILT_PRODUCTS_DIR; };
		4C06B5E920E40A3C000C4FD1 /* FlixsterUITests.m */ = {isa = PBXFileReference; lastKnownFileType = sourcecode.c.objc; path = FlixsterUITests.m; sourceTree = "<group>"; };
		4C06B5EB20E40A3C000C4FD1 /* Info.plist */ = {isa = PBXFileReference; lastKnownFileType = text.plist.xml; path = Info.plist; sourceTree = "<group>"; };
		4C06B5F720E41614000C4FD1 /* MoviesViewController.h */ = {isa = PBXFileReference; lastKnownFileType = sourcecode.c.h; path = MoviesViewController.h; sourceTree = "<group>"; };
		4C06B5F820E41614000C4FD1 /* MoviesViewController.m */ = {isa = PBXFileReference; lastKnownFileType = sourcecode.c.objc; path = MoviesViewController.m; sourceTree = "<group>"; };
		4C06B5FD20E45F90000C4FD1 /* MovieCell.h */ = {isa = PBXFileReference; lastKnownFileType = sourcecode.c.h; path = MovieCell.h; sourceTree = "<group>"; };
		4C06B5FE20E45F90000C4FD1 /* MovieCell.m */ = {isa = PBXFileReference; lastKnownFileType = sourcecode.c.objc; path = MovieCell.m; sourceTree = "<group>"; };
		4C06B60020E4A7D7000C4FD1 /* DetailsViewController.h */ = {isa = PBXFileReference; lastKnownFileType = sourcecode.c.h; path = DetailsViewController.h; sourceTree = "<group>"; };
		4C06B60120E4A7D7000C4FD1 /* DetailsViewController.m */ = {isa = PBXFileReference; lastKnownFileType = sourcecode.c.objc; path = DetailsViewController.m; sourceTree = "<group>"; };
		4C06B60320E4B7C7000C4FD1 /* MoviesGridViewController.h */ = {isa = PBXFileReference; lastKnownFileType = sourcecode.c.h; path = MoviesGridViewController.h; sourceTree = "<group>"; };
		4C06B60420E4B7C7000C4FD1 /* MoviesGridViewController.m */ = {isa = PBXFileReference; lastKnownFileType = sourcecode.c.objc; path = MoviesGridViewController.m; sourceTree = "<group>"; };
		4C06B60620E4BC1F000C4FD1 /* MovieCollectionCell.h */ = {isa = PBXFileReference; lastKnownFileType = sourcecode.c.h; path = MovieCollectionCell.h; sourceTree = "<group>"; };
		4C06B60720E4BC1F000C4FD1 /* MovieCollectionCell.m */ = {isa = PBXFileReference; lastKnownFileType = sourcecode.c.objc; path = MovieCollectionCell.m; sourceTree = "<group>"; };
		4C06B64D20E5A8F4000C4FD1 /* BackgroundViewController.h */ = {isa = PBXFileReference; lastKnownFileType = sourcecode.c.h; path = BackgroundViewController.h; sourceTree = "<group>"; };
		4C06B64E20E5A8F4000C4FD1 /* BackgroundViewController.m */ = {isa = PBXFileReference; lastKnownFileType = sourcecode.c.objc; path = BackgroundViewController.m; sourceTree = "<group>"; };
		64CE779BD28EA8466115F71E /* libPods-Flixster.a */ = {isa = PBXFileReference; explicitFileType = archive.ar; includeInIndex = 0; path = "libPods-Flixster.a"; sourceTree = BUILT_PRODUCTS_DIR; };
		7CA3D6B3FF8F16419705D4B1 /* Pods-Flixster.release.xcconfig */ = {isa = PBXFileReference; includeInIndex = 1; lastKnownFileType = text.xcconfig; name = "Pods-Flixster.release.xcconfig"; path = "Pods/Target Support Files/Pods-Flixster/Pods-Flixster.release.xcconfig"; sourceTree = "<group>"; };
		C1238BE32B30E110C3402F4C /* libPods-FlixsterUITests.a */ = {isa = PBXFileReference; explicitFileType = archive.ar; includeInIndex = 0; path = "libPods-FlixsterUITests.a"; sourceTree = BUILT_PRODUCTS_DIR; };
		C1C4B608FC4588192D81E1E9 /* Pods-FlixsterTests.release.xcconfig */ = {isa = PBXFileReference; includeInIndex = 1; lastKnownFileType = text.xcconfig; name = "Pods-FlixsterTests.release.xcconfig"; path = "Pods/Target Support Files/Pods-FlixsterTests/Pods-FlixsterTests.release.xcconfig"; sourceTree = "<group>"; };
		DA2AD1606779F98A6781811D /* Pods-FlixsterTests.debug.xcconfig */ = {isa = PBXFileReference; includeInIndex = 1; lastKnownFileType = text.xcconfig; name = "Pods-FlixsterTests.debug.xcconfig"; path = "Pods/Target Support Files/Pods-FlixsterTests/Pods-FlixsterTests.debug.xcconfig"; sourceTree = "<group>"; };
		DAAEC3489770FD34EAD935EE /* Pods-FlixsterUITests.debug.xcconfig */ = {isa = PBXFileReference; includeInIndex = 1; lastKnownFileType = text.xcconfig; name = "Pods-FlixsterUITests.debug.xcconfig"; path = "Pods/Target Support Files/Pods-FlixsterUITests/Pods-FlixsterUITests.debug.xcconfig"; sourceTree = "<group>"; };
		DC8D987AF6FC0BF447C6EA07 /* Pods-FlixsterUITests.release.xcconfig */ = {isa = PBXFileReference; includeInIndex = 1; lastKnownFileType = text.xcconfig; name = "Pods-FlixsterUITests.release.xcconfig"; path = "Pods/Target Support Files/Pods-FlixsterUITests/Pods-FlixsterUITests.release.xcconfig"; sourceTree = "<group>"; };
		FA1B04D641EE5E7377EB70AE /* libPods-FlixsterTests.a */ = {isa = PBXFileReference; explicitFileType = archive.ar; includeInIndex = 0; path = "libPods-FlixsterTests.a"; sourceTree = BUILT_PRODUCTS_DIR; };
/* End PBXFileReference section */

/* Begin PBXFrameworksBuildPhase section */
		4C06B5BF20E40A3B000C4FD1 /* Frameworks */ = {
			isa = PBXFrameworksBuildPhase;
			buildActionMask = 2147483647;
			files = (
				CF124AD9F2E5DCA5990AA935 /* libPods-Flixster.a in Frameworks */,
			);
			runOnlyForDeploymentPostprocessing = 0;
		};
		4C06B5D720E40A3C000C4FD1 /* Frameworks */ = {
			isa = PBXFrameworksBuildPhase;
			buildActionMask = 2147483647;
			files = (
				21CEC20C25BA4570D0AA5661 /* libPods-FlixsterTests.a in Frameworks */,
			);
			runOnlyForDeploymentPostprocessing = 0;
		};
		4C06B5E220E40A3C000C4FD1 /* Frameworks */ = {
			isa = PBXFrameworksBuildPhase;
			buildActionMask = 2147483647;
			files = (
				244014D8342BB0E2A015B448 /* libPods-FlixsterUITests.a in Frameworks */,
			);
			runOnlyForDeploymentPostprocessing = 0;
		};
/* End PBXFrameworksBuildPhase section */

/* Begin PBXGroup section */
		4C06B5B920E40A3B000C4FD1 = {
			isa = PBXGroup;
			children = (
				4C06B5C420E40A3B000C4FD1 /* Flixster */,
				4C06B5DD20E40A3C000C4FD1 /* FlixsterTests */,
				4C06B5E820E40A3C000C4FD1 /* FlixsterUITests */,
				4C06B5C320E40A3B000C4FD1 /* Products */,
				B6788A89373687DC11712354 /* Pods */,
				6A264BF686ACE46F243EB9ED /* Frameworks */,
			);
			sourceTree = "<group>";
		};
		4C06B5C320E40A3B000C4FD1 /* Products */ = {
			isa = PBXGroup;
			children = (
				4C06B5C220E40A3B000C4FD1 /* Flixster.app */,
				4C06B5DA20E40A3C000C4FD1 /* FlixsterTests.xctest */,
				4C06B5E520E40A3C000C4FD1 /* FlixsterUITests.xctest */,
			);
			name = Products;
			sourceTree = "<group>";
		};
		4C06B5C420E40A3B000C4FD1 /* Flixster */ = {
			isa = PBXGroup;
			children = (
				4C06B5FC20E44138000C4FD1 /* Models */,
				4C06B5FB20E4412B000C4FD1 /* Views */,
				4C06B5FA20E44118000C4FD1 /* View Controller */,
				4C06B5C520E40A3B000C4FD1 /* AppDelegate.h */,
				4C06B5C620E40A3B000C4FD1 /* AppDelegate.m */,
				4C06B5CB20E40A3B000C4FD1 /* Main.storyboard */,
				4C06B64D20E5A8F4000C4FD1 /* BackgroundViewController.h */,
				4C06B64E20E5A8F4000C4FD1 /* BackgroundViewController.m */,
				4C06B60620E4BC1F000C4FD1 /* MovieCollectionCell.h */,
				4C06B60720E4BC1F000C4FD1 /* MovieCollectionCell.m */,
				4C06B5CE20E40A3C000C4FD1 /* Assets.xcassets */,
				4C06B5D020E40A3C000C4FD1 /* LaunchScreen.storyboard */,
				4C06B5FD20E45F90000C4FD1 /* MovieCell.h */,
				4C06B5FE20E45F90000C4FD1 /* MovieCell.m */,
				4C06B60320E4B7C7000C4FD1 /* MoviesGridViewController.h */,
				4C06B60420E4B7C7000C4FD1 /* MoviesGridViewController.m */,
				4C06B5D320E40A3C000C4FD1 /* Info.plist */,
				4C06B5D420E40A3C000C4FD1 /* main.m */,
			);
			path = Flixster;
			sourceTree = "<group>";
		};
		4C06B5DD20E40A3C000C4FD1 /* FlixsterTests */ = {
			isa = PBXGroup;
			children = (
				4C06B5DE20E40A3C000C4FD1 /* FlixsterTests.m */,
				4C06B5E020E40A3C000C4FD1 /* Info.plist */,
			);
			path = FlixsterTests;
			sourceTree = "<group>";
		};
		4C06B5E820E40A3C000C4FD1 /* FlixsterUITests */ = {
			isa = PBXGroup;
			children = (
				4C06B5E920E40A3C000C4FD1 /* FlixsterUITests.m */,
				4C06B5EB20E40A3C000C4FD1 /* Info.plist */,
			);
			path = FlixsterUITests;
			sourceTree = "<group>";
		};
		4C06B5FA20E44118000C4FD1 /* View Controller */ = {
			isa = PBXGroup;
			children = (
				4C06B5F720E41614000C4FD1 /* MoviesViewController.h */,
				4C06B5F820E41614000C4FD1 /* MoviesViewController.m */,
				4C06B60020E4A7D7000C4FD1 /* DetailsViewController.h */,
				4C06B60120E4A7D7000C4FD1 /* DetailsViewController.m */,
			);
			path = "View Controller";
			sourceTree = "<group>";
		};
		4C06B5FB20E4412B000C4FD1 /* Views */ = {
			isa = PBXGroup;
			children = (
			);
			path = Views;
			sourceTree = "<group>";
		};
		4C06B5FC20E44138000C4FD1 /* Models */ = {
			isa = PBXGroup;
			children = (
			);
			path = Models;
			sourceTree = "<group>";
		};
		6A264BF686ACE46F243EB9ED /* Frameworks */ = {
			isa = PBXGroup;
			children = (
				64CE779BD28EA8466115F71E /* libPods-Flixster.a */,
				FA1B04D641EE5E7377EB70AE /* libPods-FlixsterTests.a */,
				C1238BE32B30E110C3402F4C /* libPods-FlixsterUITests.a */,
			);
			name = Frameworks;
			sourceTree = "<group>";
		};
		B6788A89373687DC11712354 /* Pods */ = {
			isa = PBXGroup;
			children = (
				41F8104C4EBE7FD055664B23 /* Pods-Flixster.debug.xcconfig */,
				7CA3D6B3FF8F16419705D4B1 /* Pods-Flixster.release.xcconfig */,
				DA2AD1606779F98A6781811D /* Pods-FlixsterTests.debug.xcconfig */,
				C1C4B608FC4588192D81E1E9 /* Pods-FlixsterTests.release.xcconfig */,
				DAAEC3489770FD34EAD935EE /* Pods-FlixsterUITests.debug.xcconfig */,
				DC8D987AF6FC0BF447C6EA07 /* Pods-FlixsterUITests.release.xcconfig */,
			);
			name = Pods;
			sourceTree = "<group>";
		};
/* End PBXGroup section */

/* Begin PBXNativeTarget section */
		4C06B5C120E40A3B000C4FD1 /* Flixster */ = {
			isa = PBXNativeTarget;
			buildConfigurationList = 4C06B5EE20E40A3C000C4FD1 /* Build configuration list for PBXNativeTarget "Flixster" */;
			buildPhases = (
				F98ED32130EEDFFB1BBB544A /* [CP] Check Pods Manifest.lock */,
				4C06B5BE20E40A3B000C4FD1 /* Sources */,
				4C06B5BF20E40A3B000C4FD1 /* Frameworks */,
				4C06B5C020E40A3B000C4FD1 /* Resources */,
			);
			buildRules = (
			);
			dependencies = (
			);
			name = Flixster;
			productName = Flixster;
			productReference = 4C06B5C220E40A3B000C4FD1 /* Flixster.app */;
			productType = "com.apple.product-type.application";
		};
		4C06B5D920E40A3C000C4FD1 /* FlixsterTests */ = {
			isa = PBXNativeTarget;
			buildConfigurationList = 4C06B5F120E40A3C000C4FD1 /* Build configuration list for PBXNativeTarget "FlixsterTests" */;
			buildPhases = (
				9F3BA95755D32CA9A994280C /* [CP] Check Pods Manifest.lock */,
				4C06B5D620E40A3C000C4FD1 /* Sources */,
				4C06B5D720E40A3C000C4FD1 /* Frameworks */,
				4C06B5D820E40A3C000C4FD1 /* Resources */,
			);
			buildRules = (
			);
			dependencies = (
				4C06B5DC20E40A3C000C4FD1 /* PBXTargetDependency */,
			);
			name = FlixsterTests;
			productName = FlixsterTests;
			productReference = 4C06B5DA20E40A3C000C4FD1 /* FlixsterTests.xctest */;
			productType = "com.apple.product-type.bundle.unit-test";
		};
		4C06B5E420E40A3C000C4FD1 /* FlixsterUITests */ = {
			isa = PBXNativeTarget;
			buildConfigurationList = 4C06B5F420E40A3C000C4FD1 /* Build configuration list for PBXNativeTarget "FlixsterUITests" */;
			buildPhases = (
				FCF26AC2C131F3BD4ABB7F22 /* [CP] Check Pods Manifest.lock */,
				4C06B5E120E40A3C000C4FD1 /* Sources */,
				4C06B5E220E40A3C000C4FD1 /* Frameworks */,
				4C06B5E320E40A3C000C4FD1 /* Resources */,
			);
			buildRules = (
			);
			dependencies = (
				4C06B5E720E40A3C000C4FD1 /* PBXTargetDependency */,
			);
			name = FlixsterUITests;
			productName = FlixsterUITests;
			productReference = 4C06B5E520E40A3C000C4FD1 /* FlixsterUITests.xctest */;
			productType = "com.apple.product-type.bundle.ui-testing";
		};
/* End PBXNativeTarget section */

/* Begin PBXProject section */
		4C06B5BA20E40A3B000C4FD1 /* Project object */ = {
			isa = PBXProject;
			attributes = {
				LastUpgradeCheck = 0940;
				ORGANIZATIONNAME = "Ginger Dudley";
				TargetAttributes = {
					4C06B5C120E40A3B000C4FD1 = {
						CreatedOnToolsVersion = 9.4.1;
					};
					4C06B5D920E40A3C000C4FD1 = {
						CreatedOnToolsVersion = 9.4.1;
						TestTargetID = 4C06B5C120E40A3B000C4FD1;
					};
					4C06B5E420E40A3C000C4FD1 = {
						CreatedOnToolsVersion = 9.4.1;
						TestTargetID = 4C06B5C120E40A3B000C4FD1;
					};
				};
			};
			buildConfigurationList = 4C06B5BD20E40A3B000C4FD1 /* Build configuration list for PBXProject "Flixster" */;
			compatibilityVersion = "Xcode 9.3";
			developmentRegion = en;
			hasScannedForEncodings = 0;
			knownRegions = (
				en,
				Base,
			);
			mainGroup = 4C06B5B920E40A3B000C4FD1;
			productRefGroup = 4C06B5C320E40A3B000C4FD1 /* Products */;
			projectDirPath = "";
			projectRoot = "";
			targets = (
				4C06B5C120E40A3B000C4FD1 /* Flixster */,
				4C06B5D920E40A3C000C4FD1 /* FlixsterTests */,
				4C06B5E420E40A3C000C4FD1 /* FlixsterUITests */,
			);
		};
/* End PBXProject section */

/* Begin PBXResourcesBuildPhase section */
		4C06B5C020E40A3B000C4FD1 /* Resources */ = {
			isa = PBXResourcesBuildPhase;
			buildActionMask = 2147483647;
			files = (
				4C06B5D220E40A3C000C4FD1 /* LaunchScreen.storyboard in Resources */,
				4C06B5CF20E40A3C000C4FD1 /* Assets.xcassets in Resources */,
				4C06B5CD20E40A3B000C4FD1 /* Main.storyboard in Resources */,
			);
			runOnlyForDeploymentPostprocessing = 0;
		};
		4C06B5D820E40A3C000C4FD1 /* Resources */ = {
			isa = PBXResourcesBuildPhase;
			buildActionMask = 2147483647;
			files = (
			);
			runOnlyForDeploymentPostprocessing = 0;
		};
		4C06B5E320E40A3C000C4FD1 /* Resources */ = {
			isa = PBXResourcesBuildPhase;
			buildActionMask = 2147483647;
			files = (
			);
			runOnlyForDeploymentPostprocessing = 0;
		};
/* End PBXResourcesBuildPhase section */

/* Begin PBXShellScriptBuildPhase section */
		9F3BA95755D32CA9A994280C /* [CP] Check Pods Manifest.lock */ = {
			isa = PBXShellScriptBuildPhase;
			buildActionMask = 2147483647;
			files = (
			);
			inputPaths = (
				"${PODS_PODFILE_DIR_PATH}/Podfile.lock",
				"${PODS_ROOT}/Manifest.lock",
			);
			name = "[CP] Check Pods Manifest.lock";
			outputPaths = (
				"$(DERIVED_FILE_DIR)/Pods-FlixsterTests-checkManifestLockResult.txt",
			);
			runOnlyForDeploymentPostprocessing = 0;
			shellPath = /bin/sh;
			shellScript = "diff \"${PODS_PODFILE_DIR_PATH}/Podfile.lock\" \"${PODS_ROOT}/Manifest.lock\" > /dev/null\nif [ $? != 0 ] ; then\n    # print error to STDERR\n    echo \"error: The sandbox is not in sync with the Podfile.lock. Run 'pod install' or update your CocoaPods installation.\" >&2\n    exit 1\nfi\n# This output is used by Xcode 'outputs' to avoid re-running this script phase.\necho \"SUCCESS\" > \"${SCRIPT_OUTPUT_FILE_0}\"\n";
			showEnvVarsInLog = 0;
		};
		F98ED32130EEDFFB1BBB544A /* [CP] Check Pods Manifest.lock */ = {
			isa = PBXShellScriptBuildPhase;
			buildActionMask = 2147483647;
			files = (
			);
			inputPaths = (
				"${PODS_PODFILE_DIR_PATH}/Podfile.lock",
				"${PODS_ROOT}/Manifest.lock",
			);
			name = "[CP] Check Pods Manifest.lock";
			outputPaths = (
				"$(DERIVED_FILE_DIR)/Pods-Flixster-checkManifestLockResult.txt",
			);
			runOnlyForDeploymentPostprocessing = 0;
			shellPath = /bin/sh;
			shellScript = "diff \"${PODS_PODFILE_DIR_PATH}/Podfile.lock\" \"${PODS_ROOT}/Manifest.lock\" > /dev/null\nif [ $? != 0 ] ; then\n    # print error to STDERR\n    echo \"error: The sandbox is not in sync with the Podfile.lock. Run 'pod install' or update your CocoaPods installation.\" >&2\n    exit 1\nfi\n# This output is used by Xcode 'outputs' to avoid re-running this script phase.\necho \"SUCCESS\" > \"${SCRIPT_OUTPUT_FILE_0}\"\n";
			showEnvVarsInLog = 0;
		};
		FCF26AC2C131F3BD4ABB7F22 /* [CP] Check Pods Manifest.lock */ = {
			isa = PBXShellScriptBuildPhase;
			buildActionMask = 2147483647;
			files = (
			);
			inputPaths = (
				"${PODS_PODFILE_DIR_PATH}/Podfile.lock",
				"${PODS_ROOT}/Manifest.lock",
			);
			name = "[CP] Check Pods Manifest.lock";
			outputPaths = (
				"$(DERIVED_FILE_DIR)/Pods-FlixsterUITests-checkManifestLockResult.txt",
			);
			runOnlyForDeploymentPostprocessing = 0;
			shellPath = /bin/sh;
			shellScript = "diff \"${PODS_PODFILE_DIR_PATH}/Podfile.lock\" \"${PODS_ROOT}/Manifest.lock\" > /dev/null\nif [ $? != 0 ] ; then\n    # print error to STDERR\n    echo \"error: The sandbox is not in sync with the Podfile.lock. Run 'pod install' or update your CocoaPods installation.\" >&2\n    exit 1\nfi\n# This output is used by Xcode 'outputs' to avoid re-running this script phase.\necho \"SUCCESS\" > \"${SCRIPT_OUTPUT_FILE_0}\"\n";
			showEnvVarsInLog = 0;
		};
/* End PBXShellScriptBuildPhase section */

/* Begin PBXSourcesBuildPhase section */
		4C06B5BE20E40A3B000C4FD1 /* Sources */ = {
			isa = PBXSourcesBuildPhase;
			buildActionMask = 2147483647;
			files = (
				4C06B5D520E40A3C000C4FD1 /* main.m in Sources */,
				4C06B60220E4A7D7000C4FD1 /* DetailsViewController.m in Sources */,
				4C06B5C720E40A3B000C4FD1 /* AppDelegate.m in Sources */,
				4C06B60820E4BC1F000C4FD1 /* MovieCollectionCell.m in Sources */,
				4C06B64F20E5A8F4000C4FD1 /* BackgroundViewController.m in Sources */,
				4C06B5FF20E45F90000C4FD1 /* MovieCell.m in Sources */,
				4C06B5F920E41614000C4FD1 /* MoviesViewController.m in Sources */,
				4C06B60520E4B7C7000C4FD1 /* MoviesGridViewController.m in Sources */,
			);
			runOnlyForDeploymentPostprocessing = 0;
		};
		4C06B5D620E40A3C000C4FD1 /* Sources */ = {
			isa = PBXSourcesBuildPhase;
			buildActionMask = 2147483647;
			files = (
				4C06B5DF20E40A3C000C4FD1 /* FlixsterTests.m in Sources */,
			);
			runOnlyForDeploymentPostprocessing = 0;
		};
		4C06B5E120E40A3C000C4FD1 /* Sources */ = {
			isa = PBXSourcesBuildPhase;
			buildActionMask = 2147483647;
			files = (
				4C06B5EA20E40A3C000C4FD1 /* FlixsterUITests.m in Sources */,
			);
			runOnlyForDeploymentPostprocessing = 0;
		};
/* End PBXSourcesBuildPhase section */

/* Begin PBXTargetDependency section */
		4C06B5DC20E40A3C000C4FD1 /* PBXTargetDependency */ = {
			isa = PBXTargetDependency;
			target = 4C06B5C120E40A3B000C4FD1 /* Flixster */;
			targetProxy = 4C06B5DB20E40A3C000C4FD1 /* PBXContainerItemProxy */;
		};
		4C06B5E720E40A3C000C4FD1 /* PBXTargetDependency */ = {
			isa = PBXTargetDependency;
			target = 4C06B5C120E40A3B000C4FD1 /* Flixster */;
			targetProxy = 4C06B5E620E40A3C000C4FD1 /* PBXContainerItemProxy */;
		};
/* End PBXTargetDependency section */

/* Begin PBXVariantGroup section */
		4C06B5CB20E40A3B000C4FD1 /* Main.storyboard */ = {
			isa = PBXVariantGroup;
			children = (
				4C06B5CC20E40A3B000C4FD1 /* Base */,
			);
			name = Main.storyboard;
			sourceTree = "<group>";
		};
		4C06B5D020E40A3C000C4FD1 /* LaunchScreen.storyboard */ = {
			isa = PBXVariantGroup;
			children = (
				4C06B5D120E40A3C000C4FD1 /* Base */,
			);
			name = LaunchScreen.storyboard;
			sourceTree = "<group>";
		};
/* End PBXVariantGroup section */

/* Begin XCBuildConfiguration section */
		4C06B5EC20E40A3C000C4FD1 /* Debug */ = {
			isa = XCBuildConfiguration;
			buildSettings = {
				ALWAYS_SEARCH_USER_PATHS = NO;
				CLANG_ANALYZER_NONNULL = YES;
				CLANG_ANALYZER_NUMBER_OBJECT_CONVERSION = YES_AGGRESSIVE;
				CLANG_CXX_LANGUAGE_STANDARD = "gnu++14";
				CLANG_CXX_LIBRARY = "libc++";
				CLANG_ENABLE_MODULES = YES;
				CLANG_ENABLE_OBJC_ARC = YES;
				CLANG_ENABLE_OBJC_WEAK = YES;
				CLANG_WARN_BLOCK_CAPTURE_AUTORELEASING = YES;
				CLANG_WARN_BOOL_CONVERSION = YES;
				CLANG_WARN_COMMA = YES;
				CLANG_WARN_CONSTANT_CONVERSION = YES;
				CLANG_WARN_DEPRECATED_OBJC_IMPLEMENTATIONS = YES;
				CLANG_WARN_DIRECT_OBJC_ISA_USAGE = YES_ERROR;
				CLANG_WARN_DOCUMENTATION_COMMENTS = YES;
				CLANG_WARN_EMPTY_BODY = YES;
				CLANG_WARN_ENUM_CONVERSION = YES;
				CLANG_WARN_INFINITE_RECURSION = YES;
				CLANG_WARN_INT_CONVERSION = YES;
				CLANG_WARN_NON_LITERAL_NULL_CONVERSION = YES;
				CLANG_WARN_OBJC_IMPLICIT_RETAIN_SELF = YES;
				CLANG_WARN_OBJC_LITERAL_CONVERSION = YES;
				CLANG_WARN_OBJC_ROOT_CLASS = YES_ERROR;
				CLANG_WARN_RANGE_LOOP_ANALYSIS = YES;
				CLANG_WARN_STRICT_PROTOTYPES = YES;
				CLANG_WARN_SUSPICIOUS_MOVE = YES;
				CLANG_WARN_UNGUARDED_AVAILABILITY = YES_AGGRESSIVE;
				CLANG_WARN_UNREACHABLE_CODE = YES;
				CLANG_WARN__DUPLICATE_METHOD_MATCH = YES;
				CODE_SIGN_IDENTITY = "iPhone Developer";
				COPY_PHASE_STRIP = NO;
				DEBUG_INFORMATION_FORMAT = dwarf;
				ENABLE_STRICT_OBJC_MSGSEND = YES;
				ENABLE_TESTABILITY = YES;
				GCC_C_LANGUAGE_STANDARD = gnu11;
				GCC_DYNAMIC_NO_PIC = NO;
				GCC_NO_COMMON_BLOCKS = YES;
				GCC_OPTIMIZATION_LEVEL = 0;
				GCC_PREPROCESSOR_DEFINITIONS = (
					"DEBUG=1",
					"$(inherited)",
				);
				GCC_WARN_64_TO_32_BIT_CONVERSION = YES;
				GCC_WARN_ABOUT_RETURN_TYPE = YES_ERROR;
				GCC_WARN_UNDECLARED_SELECTOR = YES;
				GCC_WARN_UNINITIALIZED_AUTOS = YES_AGGRESSIVE;
				GCC_WARN_UNUSED_FUNCTION = YES;
				GCC_WARN_UNUSED_VARIABLE = YES;
				IPHONEOS_DEPLOYMENT_TARGET = 11.4;
				MTL_ENABLE_DEBUG_INFO = YES;
				ONLY_ACTIVE_ARCH = YES;
				SDKROOT = iphoneos;
			};
			name = Debug;
		};
		4C06B5ED20E40A3C000C4FD1 /* Release */ = {
			isa = XCBuildConfiguration;
			buildSettings = {
				ALWAYS_SEARCH_USER_PATHS = NO;
				CLANG_ANALYZER_NONNULL = YES;
				CLANG_ANALYZER_NUMBER_OBJECT_CONVERSION = YES_AGGRESSIVE;
				CLANG_CXX_LANGUAGE_STANDARD = "gnu++14";
				CLANG_CXX_LIBRARY = "libc++";
				CLANG_ENABLE_MODULES = YES;
				CLANG_ENABLE_OBJC_ARC = YES;
				CLANG_ENABLE_OBJC_WEAK = YES;
				CLANG_WARN_BLOCK_CAPTURE_AUTORELEASING = YES;
				CLANG_WARN_BOOL_CONVERSION = YES;
				CLANG_WARN_COMMA = YES;
				CLANG_WARN_CONSTANT_CONVERSION = YES;
				CLANG_WARN_DEPRECATED_OBJC_IMPLEMENTATIONS = YES;
				CLANG_WARN_DIRECT_OBJC_ISA_USAGE = YES_ERROR;
				CLANG_WARN_DOCUMENTATION_COMMENTS = YES;
				CLANG_WARN_EMPTY_BODY = YES;
				CLANG_WARN_ENUM_CONVERSION = YES;
				CLANG_WARN_INFINITE_RECURSION = YES;
				CLANG_WARN_INT_CONVERSION = YES;
				CLANG_WARN_NON_LITERAL_NULL_CONVERSION = YES;
				CLANG_WARN_OBJC_IMPLICIT_RETAIN_SELF = YES;
				CLANG_WARN_OBJC_LITERAL_CONVERSION = YES;
				CLANG_WARN_OBJC_ROOT_CLASS = YES_ERROR;
				CLANG_WARN_RANGE_LOOP_ANALYSIS = YES;
				CLANG_WARN_STRICT_PROTOTYPES = YES;
				CLANG_WARN_SUSPICIOUS_MOVE = YES;
				CLANG_WARN_UNGUARDED_AVAILABILITY = YES_AGGRESSIVE;
				CLANG_WARN_UNREACHABLE_CODE = YES;
				CLANG_WARN__DUPLICATE_METHOD_MATCH = YES;
				CODE_SIGN_IDENTITY = "iPhone Developer";
				COPY_PHASE_STRIP = NO;
				DEBUG_INFORMATION_FORMAT = "dwarf-with-dsym";
				ENABLE_NS_ASSERTIONS = NO;
				ENABLE_STRICT_OBJC_MSGSEND = YES;
				GCC_C_LANGUAGE_STANDARD = gnu11;
				GCC_NO_COMMON_BLOCKS = YES;
				GCC_WARN_64_TO_32_BIT_CONVERSION = YES;
				GCC_WARN_ABOUT_RETURN_TYPE = YES_ERROR;
				GCC_WARN_UNDECLARED_SELECTOR = YES;
				GCC_WARN_UNINITIALIZED_AUTOS = YES_AGGRESSIVE;
				GCC_WARN_UNUSED_FUNCTION = YES;
				GCC_WARN_UNUSED_VARIABLE = YES;
				IPHONEOS_DEPLOYMENT_TARGET = 11.4;
				MTL_ENABLE_DEBUG_INFO = NO;
				SDKROOT = iphoneos;
				VALIDATE_PRODUCT = YES;
			};
			name = Release;
		};
		4C06B5EF20E40A3C000C4FD1 /* Debug */ = {
			isa = XCBuildConfiguration;
			baseConfigurationReference = 41F8104C4EBE7FD055664B23 /* Pods-Flixster.debug.xcconfig */;
			buildSettings = {
				ASSETCATALOG_COMPILER_APPICON_NAME = AppIcon;
				CODE_SIGN_STYLE = Automatic;
				DEVELOPMENT_TEAM = JQJ55SDWUK;
				INFOPLIST_FILE = Flixster/Info.plist;
				LD_RUNPATH_SEARCH_PATHS = (
					"$(inherited)",
					"@executable_path/Frameworks",
				);
				PRODUCT_BUNDLE_IDENTIFIER = com.gingerdudley13.Flixster;
				PRODUCT_NAME = "$(TARGET_NAME)";
				TARGETED_DEVICE_FAMILY = "1,2";
			};
			name = Debug;
		};
		4C06B5F020E40A3C000C4FD1 /* Release */ = {
			isa = XCBuildConfiguration;
			baseConfigurationReference = 7CA3D6B3FF8F16419705D4B1 /* Pods-Flixster.release.xcconfig */;
			buildSettings = {
				ASSETCATALOG_COMPILER_APPICON_NAME = AppIcon;
				CODE_SIGN_STYLE = Automatic;
				DEVELOPMENT_TEAM = JQJ55SDWUK;
				INFOPLIST_FILE = Flixster/Info.plist;
				LD_RUNPATH_SEARCH_PATHS = (
					"$(inherited)",
					"@executable_path/Frameworks",
				);
				PRODUCT_BUNDLE_IDENTIFIER = com.gingerdudley13.Flixster;
				PRODUCT_NAME = "$(TARGET_NAME)";
				TARGETED_DEVICE_FAMILY = "1,2";
			};
			name = Release;
		};
		4C06B5F220E40A3C000C4FD1 /* Debug */ = {
			isa = XCBuildConfiguration;
			baseConfigurationReference = DA2AD1606779F98A6781811D /* Pods-FlixsterTests.debug.xcconfig */;
			buildSettings = {
				BUNDLE_LOADER = "$(TEST_HOST)";
				CODE_SIGN_STYLE = Automatic;
				DEVELOPMENT_TEAM = JQJ55SDWUK;
				INFOPLIST_FILE = FlixsterTests/Info.plist;
				LD_RUNPATH_SEARCH_PATHS = (
					"$(inherited)",
					"@executable_path/Frameworks",
					"@loader_path/Frameworks",
				);
				PRODUCT_BUNDLE_IDENTIFIER = com.gingerdudley13.FlixsterTests;
				PRODUCT_NAME = "$(TARGET_NAME)";
				TARGETED_DEVICE_FAMILY = "1,2";
				TEST_HOST = "$(BUILT_PRODUCTS_DIR)/Flixster.app/Flixster";
			};
			name = Debug;
		};
		4C06B5F320E40A3C000C4FD1 /* Release */ = {
			isa = XCBuildConfiguration;
			baseConfigurationReference = C1C4B608FC4588192D81E1E9 /* Pods-FlixsterTests.release.xcconfig */;
			buildSettings = {
				BUNDLE_LOADER = "$(TEST_HOST)";
				CODE_SIGN_STYLE = Automatic;
				DEVELOPMENT_TEAM = JQJ55SDWUK;
				INFOPLIST_FILE = FlixsterTests/Info.plist;
				LD_RUNPATH_SEARCH_PATHS = (
					"$(inherited)",
					"@executable_path/Frameworks",
					"@loader_path/Frameworks",
				);
				PRODUCT_BUNDLE_IDENTIFIER = com.gingerdudley13.FlixsterTests;
				PRODUCT_NAME = "$(TARGET_NAME)";
				TARGETED_DEVICE_FAMILY = "1,2";
				TEST_HOST = "$(BUILT_PRODUCTS_DIR)/Flixster.app/Flixster";
			};
			name = Release;
		};
		4C06B5F520E40A3C000C4FD1 /* Debug */ = {
			isa = XCBuildConfiguration;
			baseConfigurationReference = DAAEC3489770FD34EAD935EE /* Pods-FlixsterUITests.debug.xcconfig */;
			buildSettings = {
				CODE_SIGN_STYLE = Automatic;
				DEVELOPMENT_TEAM = JQJ55SDWUK;
				INFOPLIST_FILE = FlixsterUITests/Info.plist;
				LD_RUNPATH_SEARCH_PATHS = (
					"$(inherited)",
					"@executable_path/Frameworks",
					"@loader_path/Frameworks",
				);
				PRODUCT_BUNDLE_IDENTIFIER = com.gingerdudley13.FlixsterUITests;
				PRODUCT_NAME = "$(TARGET_NAME)";
				TARGETED_DEVICE_FAMILY = "1,2";
				TEST_TARGET_NAME = Flixster;
			};
			name = Debug;
		};
		4C06B5F620E40A3C000C4FD1 /* Release */ = {
			isa = XCBuildConfiguration;
			baseConfigurationReference = DC8D987AF6FC0BF447C6EA07 /* Pods-FlixsterUITests.release.xcconfig */;
			buildSettings = {
				CODE_SIGN_STYLE = Automatic;
				DEVELOPMENT_TEAM = JQJ55SDWUK;
				INFOPLIST_FILE = FlixsterUITests/Info.plist;
				LD_RUNPATH_SEARCH_PATHS = (
					"$(inherited)",
					"@executable_path/Frameworks",
					"@loader_path/Frameworks",
				);
				PRODUCT_BUNDLE_IDENTIFIER = com.gingerdudley13.FlixsterUITests;
				PRODUCT_NAME = "$(TARGET_NAME)";
				TARGETED_DEVICE_FAMILY = "1,2";
				TEST_TARGET_NAME = Flixster;
			};
			name = Release;
		};
/* End XCBuildConfiguration section */

/* Begin XCConfigurationList section */
		4C06B5BD20E40A3B000C4FD1 /* Build configuration list for PBXProject "Flixster" */ = {
			isa = XCConfigurationList;
			buildConfigurations = (
				4C06B5EC20E40A3C000C4FD1 /* Debug */,
				4C06B5ED20E40A3C000C4FD1 /* Release */,
			);
			defaultConfigurationIsVisible = 0;
			defaultConfigurationName = Release;
		};
		4C06B5EE20E40A3C000C4FD1 /* Build configuration list for PBXNativeTarget "Flixster" */ = {
			isa = XCConfigurationList;
			buildConfigurations = (
				4C06B5EF20E40A3C000C4FD1 /* Debug */,
				4C06B5F020E40A3C000C4FD1 /* Release */,
			);
			defaultConfigurationIsVisible = 0;
			defaultConfigurationName = Release;
		};
		4C06B5F120E40A3C000C4FD1 /* Build configuration list for PBXNativeTarget "FlixsterTests" */ = {
			isa = XCConfigurationList;
			buildConfigurations = (
				4C06B5F220E40A3C000C4FD1 /* Debug */,
				4C06B5F320E40A3C000C4FD1 /* Release */,
			);
			defaultConfigurationIsVisible = 0;
			defaultConfigurationName = Release;
		};
		4C06B5F420E40A3C000C4FD1 /* Build configuration list for PBXNativeTarget "FlixsterUITests" */ = {
			isa = XCConfigurationList;
			buildConfigurations = (
				4C06B5F520E40A3C000C4FD1 /* Debug */,
				4C06B5F620E40A3C000C4FD1 /* Release */,
			);
			defaultConfigurationIsVisible = 0;
			defaultConfigurationName = Release;
		};
/* End XCConfigurationList section */
	};
	rootObject = 4C06B5BA20E40A3B000C4FD1 /* Project object */;
}
